
Microsoft Visual Studio Solution File, Format Version 12.00
# Visual Studio 15
VisualStudioVersion = 15.0.28307.705
MinimumVisualStudioVersion = 10.0.40219.1
Project("{FAE04EC0-301F-11D3-BF4B-00C04F79EFBC}") = "KariyerAnalytics.Service", "KariyerAnalytics\KariyerAnalytics.Service.csproj", "{38A07852-AEC1-4D45-9D4F-4D317E19D62B}"
EndProject
Project("{FAE04EC0-301F-11D3-BF4B-00C04F79EFBC}") = "KariyerAnalytics.Business.Entities", "KariyerAnalytics.Business.Entities\KariyerAnalytics.Business.Entities.csproj", "{1F3E6821-EC7F-4C81-B0C1-DCA9CAD57FC8}"
EndProject
Project("{FAE04EC0-301F-11D3-BF4B-00C04F79EFBC}") = "KariyerAnalytics.Data", "KariyerAnalytics.Data\KariyerAnalytics.Data.csproj", "{C67E743F-5CED-4728-B150-AE83B864ED36}"
EndProject
Project("{FAE04EC0-301F-11D3-BF4B-00C04F79EFBC}") = "KariyerAnalytics.Business", "KariyerAnalytics.Business\KariyerAnalytics.Business.csproj", "{B89C928E-0FFC-44A9-AF7B-C988AD19BB5B}"
EndProject
Project("{FAE04EC0-301F-11D3-BF4B-00C04F79EFBC}") = "KariyerAnalytics.Common", "KariyerAnalytics.Common\KariyerAnalytics.Common.csproj", "{698F8939-5310-41E2-B1F0-9B97D108F476}"
EndProject
Project("{FAE04EC0-301F-11D3-BF4B-00C04F79EFBC}") = "KariyerAnalytics.Data.Contract", "KariyerAnalytics.Data.Contract\KariyerAnalytics.Data.Contract.csproj", "{E83991C4-2439-4575-8DA3-C366D869AE9E}"
EndProject
Project("{FAE04EC0-301F-11D3-BF4B-00C04F79EFBC}") = "KariyerAnalytics.Business.Contract", "KariyerAnalytics.Business.Contract\KariyerAnalytics.Business.Contract.csproj", "{69C23E01-0199-4ECB-941E-8BB0FD4F0684}"
EndProject
Project("{FAE04EC0-301F-11D3-BF4B-00C04F79EFBC}") = "KariyerAnalytics.Service.Entities", "KariyerAnalytics.Service.Entities\KariyerAnalytics.Service.Entities.csproj", "{E93726E3-4611-492A-B194-55F15B70C9C4}"
EndProject
Project("{FAE04EC0-301F-11D3-BF4B-00C04F79EFBC}") = "KariyerAnalytics.Tests", "KariyerAnalytics.Tests\KariyerAnalytics.Tests.csproj", "{70EAF651-3C08-481F-BC9C-355C0F6CA6E6}"
EndProject
Project("{2150E333-8FDC-42A3-9474-1A3956D46DE8}") = "Data", "Data", "{D3EF99F6-B42E-4D8D-9BE9-43CD4BABDDC1}"
EndProject
Project("{2150E333-8FDC-42A3-9474-1A3956D46DE8}") = "Business", "Business", "{046E03EC-FBFD-419C-A40F-17A47D2D8592}"
EndProject
Project("{2150E333-8FDC-42A3-9474-1A3956D46DE8}") = "Service", "Service", "{9733B74A-AAC8-4F95-857A-9FFD69B0BF02}"
EndProject
Project("{2150E333-8FDC-42A3-9474-1A3956D46DE8}") = "Entities", "Entities", "{2DD05032-6ACB-4E3B-B2B4-24A698405835}"
EndProject
Project("{2150E333-8FDC-42A3-9474-1A3956D46DE8}") = "Test", "Test", "{43B89DA4-ACCC-42F7-8128-750494121E38}"
EndProject
Project("{2150E333-8FDC-42A3-9474-1A3956D46DE8}") = "Common", "Common", "{44A534E7-580B-43D9-B43F-4A47DB501BE0}"
EndProject
Global
	GlobalSection(SolutionConfigurationPlatforms) = preSolution
		Debug|Any CPU = Debug|Any CPU
		Release|Any CPU = Release|Any CPU
	EndGlobalSection
	GlobalSection(ProjectConfigurationPlatforms) = postSolution
		{38A07852-AEC1-4D45-9D4F-4D317E19D62B}.Debug|Any CPU.ActiveCfg = Debug|Any CPU
		{38A07852-AEC1-4D45-9D4F-4D317E19D62B}.Debug|Any CPU.Build.0 = Debug|Any CPU
		{38A07852-AEC1-4D45-9D4F-4D317E19D62B}.Release|Any CPU.ActiveCfg = Release|Any CPU
		{38A07852-AEC1-4D45-9D4F-4D317E19D62B}.Release|Any CPU.Build.0 = Release|Any CPU
		{1F3E6821-EC7F-4C81-B0C1-DCA9CAD57FC8}.Debug|Any CPU.ActiveCfg = Debug|Any CPU
		{1F3E6821-EC7F-4C81-B0C1-DCA9CAD57FC8}.Debug|Any CPU.Build.0 = Debug|Any CPU
		{1F3E6821-EC7F-4C81-B0C1-DCA9CAD57FC8}.Release|Any CPU.ActiveCfg = Release|Any CPU
		{1F3E6821-EC7F-4C81-B0C1-DCA9CAD57FC8}.Release|Any CPU.Build.0 = Release|Any CPU
		{C67E743F-5CED-4728-B150-AE83B864ED36}.Debug|Any CPU.ActiveCfg = Debug|Any CPU
		{C67E743F-5CED-4728-B150-AE83B864ED36}.Debug|Any CPU.Build.0 = Debug|Any CPU
		{C67E743F-5CED-4728-B150-AE83B864ED36}.Release|Any CPU.ActiveCfg = Release|Any CPU
		{C67E743F-5CED-4728-B150-AE83B864ED36}.Release|Any CPU.Build.0 = Release|Any CPU
		{B89C928E-0FFC-44A9-AF7B-C988AD19BB5B}.Debug|Any CPU.ActiveCfg = Debug|Any CPU
		{B89C928E-0FFC-44A9-AF7B-C988AD19BB5B}.Debug|Any CPU.Build.0 = Debug|Any CPU
		{B89C928E-0FFC-44A9-AF7B-C988AD19BB5B}.Release|Any CPU.ActiveCfg = Release|Any CPU
		{B89C928E-0FFC-44A9-AF7B-C988AD19BB5B}.Release|Any CPU.Build.0 = Release|Any CPU
		{698F8939-5310-41E2-B1F0-9B97D108F476}.Debug|Any CPU.ActiveCfg = Debug|Any CPU
		{698F8939-5310-41E2-B1F0-9B97D108F476}.Debug|Any CPU.Build.0 = Debug|Any CPU
		{698F8939-5310-41E2-B1F0-9B97D108F476}.Release|Any CPU.ActiveCfg = Release|Any CPU
		{698F8939-5310-41E2-B1F0-9B97D108F476}.Release|Any CPU.Build.0 = Release|Any CPU
		{E83991C4-2439-4575-8DA3-C366D869AE9E}.Debug|Any CPU.ActiveCfg = Debug|Any CPU
		{E83991C4-2439-4575-8DA3-C366D869AE9E}.Debug|Any CPU.Build.0 = Debug|Any CPU
		{E83991C4-2439-4575-8DA3-C366D869AE9E}.Release|Any CPU.ActiveCfg = Release|Any CPU
		{E83991C4-2439-4575-8DA3-C366D869AE9E}.Release|Any CPU.Build.0 = Release|Any CPU
		{69C23E01-0199-4ECB-941E-8BB0FD4F0684}.Debug|Any CPU.ActiveCfg = Debug|Any CPU
		{69C23E01-0199-4ECB-941E-8BB0FD4F0684}.Debug|Any CPU.Build.0 = Debug|Any CPU
		{69C23E01-0199-4ECB-941E-8BB0FD4F0684}.Release|Any CPU.ActiveCfg = Release|Any CPU
		{69C23E01-0199-4ECB-941E-8BB0FD4F0684}.Release|Any CPU.Build.0 = Release|Any CPU
		{E93726E3-4611-492A-B194-55F15B70C9C4}.Debug|Any CPU.ActiveCfg = Debug|Any CPU
		{E93726E3-4611-492A-B194-55F15B70C9C4}.Debug|Any CPU.Build.0 = Debug|Any CPU
		{E93726E3-4611-492A-B194-55F15B70C9C4}.Release|Any CPU.ActiveCfg = Release|Any CPU
		{E93726E3-4611-492A-B194-55F15B70C9C4}.Release|Any CPU.Build.0 = Release|Any CPU
		{70EAF651-3C08-481F-BC9C-355C0F6CA6E6}.Debug|Any CPU.ActiveCfg = Debug|Any CPU
		{70EAF651-3C08-481F-BC9C-355C0F6CA6E6}.Debug|Any CPU.Build.0 = Debug|Any CPU
		{70EAF651-3C08-481F-BC9C-355C0F6CA6E6}.Release|Any CPU.ActiveCfg = Release|Any CPU
		{70EAF651-3C08-481F-BC9C-355C0F6CA6E6}.Release|Any CPU.Build.0 = Release|Any CPU
	EndGlobalSection
	GlobalSection(SolutionProperties) = preSolution
		HideSolutionNode = FALSE
	EndGlobalSection
	GlobalSection(NestedProjects) = preSolution
		{38A07852-AEC1-4D45-9D4F-4D317E19D62B} = {9733B74A-AAC8-4F95-857A-9FFD69B0BF02}
		{1F3E6821-EC7F-4C81-B0C1-DCA9CAD57FC8} = {2DD05032-6ACB-4E3B-B2B4-24A698405835}
		{C67E743F-5CED-4728-B150-AE83B864ED36} = {D3EF99F6-B42E-4D8D-9BE9-43CD4BABDDC1}
		{B89C928E-0FFC-44A9-AF7B-C988AD19BB5B} = {046E03EC-FBFD-419C-A40F-17A47D2D8592}
		{698F8939-5310-41E2-B1F0-9B97D108F476} = {44A534E7-580B-43D9-B43F-4A47DB501BE0}
		{E83991C4-2439-4575-8DA3-C366D869AE9E} = {D3EF99F6-B42E-4D8D-9BE9-43CD4BABDDC1}
		{69C23E01-0199-4ECB-941E-8BB0FD4F0684} = {046E03EC-FBFD-419C-A40F-17A47D2D8592}
		{E93726E3-4611-492A-B194-55F15B70C9C4} = {2DD05032-6ACB-4E3B-B2B4-24A698405835}
		{70EAF651-3C08-481F-BC9C-355C0F6CA6E6} = {43B89DA4-ACCC-42F7-8128-750494121E38}
	EndGlobalSection
	GlobalSection(ExtensibilityGlobals) = postSolution
		SolutionGuid = {5002E384-6114-4AC1-8BC7-3A0CC7628488}
	EndGlobalSection
EndGlobal
