
Microsoft Visual Studio Solution File, Format Version 12.00
# Visual Studio 15
VisualStudioVersion = 15.0.28307.705
MinimumVisualStudioVersion = 10.0.40219.1
Project("{FAE04EC0-301F-11D3-BF4B-00C04F79EFBC}") = "KariyerAnalytics.Service", "KariyerAnalytics\KariyerAnalytics.Service.csproj", "{38A07852-AEC1-4D45-9D4F-4D317E19D62B}"
EndProject
Project("{FAE04EC0-301F-11D3-BF4B-00C04F79EFBC}") = "KariyerAnalytics.Business.Entities", "KariyerAnalytics.Business.Entities\KariyerAnalytics.Business.Entities.csproj", "{1F3E6821-EC7F-4C81-B0C1-DCA9CAD57FC8}"
EndProject
Project("{FAE04EC0-301F-11D3-BF4B-00C04F79EFBC}") = "KariyerAnalytics.Data", "KariyerAnalytics.Data\KariyerAnalytics.Data.csproj", "{C67E743F-5CED-4728-B150-AE83B864ED36}"
EndProject
Project("{FAE04EC0-301F-11D3-BF4B-00C04F79EFBC}") = "KariyerAnalytics.Business", "KariyerAnalytics.Business\KariyerAnalytics.Business.csproj", "{B89C928E-0FFC-44A9-AF7B-C988AD19BB5B}"
EndProject
Project("{FAE04EC0-301F-11D3-BF4B-00C04F79EFBC}") = "KariyerAnalytics.Common", "KariyerAnalytics.Common\KariyerAnalytics.Common.csproj", "{698F8939-5310-41E2-B1F0-9B97D108F476}"
EndProject
Project("{FAE04EC0-301F-11D3-BF4B-00C04F79EFBC}") = "KariyerAnalytics.Data.Contract", "KariyerAnalytics.Data.Contract\KariyerAnalytics.Data.Contract.csproj", "{E83991C4-2439-4575-8DA3-C366D869AE9E}"
EndProject
Project("{FAE04EC0-301F-11D3-BF4B-00C04F79EFBC}") = "KariyerAnalytics.Business.Contract", "KariyerAnalytics.Business.Contract\KariyerAnalytics.Business.Contract.csproj", "{69C23E01-0199-4ECB-941E-8BB0FD4F0684}"
EndProject
Project("{FAE04EC0-301F-11D3-BF4B-00C04F79EFBC}") = "KariyerAnalytics.Service.Entities", "KariyerAnalytics.Service.Entities\KariyerAnalytics.Service.Entities.csproj", "{E93726E3-4611-492A-B194-55F15B70C9C4}"
EndProject
Global
	GlobalSection(SolutionConfigurationPlatforms) = preSolution
		Debug|Any CPU = Debug|Any CPU
		Release|Any CPU = Release|Any CPU
	EndGlobalSection
	GlobalSection(ProjectConfigurationPlatforms) = postSolution
		{38A07852-AEC1-4D45-9D4F-4D317E19D62B}.Debug|Any CPU.ActiveCfg = Debug|Any CPU
		{38A07852-AEC1-4D45-9D4F-4D317E19D62B}.Debug|Any CPU.Build.0 = Debug|Any CPU
		{38A07852-AEC1-4D45-9D4F-4D317E19D62B}.Release|Any CPU.ActiveCfg = Release|Any CPU
		{38A07852-AEC1-4D45-9D4F-4D317E19D62B}.Release|Any CPU.Build.0 = Release|Any CPU
		{1F3E6821-EC7F-4C81-B0C1-DCA9CAD57FC8}.Debug|Any CPU.ActiveCfg = Debug|Any CPU
		{1F3E6821-EC7F-4C81-B0C1-DCA9CAD57FC8}.Debug|Any CPU.Build.0 = Debug|Any CPU
		{1F3E6821-EC7F-4C81-B0C1-DCA9CAD57FC8}.Release|Any CPU.ActiveCfg = Release|Any CPU
		{1F3E6821-EC7F-4C81-B0C1-DCA9CAD57FC8}.Release|Any CPU.Build.0 = Release|Any CPU
		{C67E743F-5CED-4728-B150-AE83B864ED36}.Debug|Any CPU.ActiveCfg = Debug|Any CPU
		{C67E743F-5CED-4728-B150-AE83B864ED36}.Debug|Any CPU.Build.0 = Debug|Any CPU
		{C67E743F-5CED-4728-B150-AE83B864ED36}.Release|Any CPU.ActiveCfg = Release|Any CPU
		{C67E743F-5CED-4728-B150-AE83B864ED36}.Release|Any CPU.Build.0 = Release|Any CPU
		{B89C928E-0FFC-44A9-AF7B-C988AD19BB5B}.Debug|Any CPU.ActiveCfg = Debug|Any CPU
		{B89C928E-0FFC-44A9-AF7B-C988AD19BB5B}.Debug|Any CPU.Build.0 = Debug|Any CPU
		{B89C928E-0FFC-44A9-AF7B-C988AD19BB5B}.Release|Any CPU.ActiveCfg = Release|Any CPU
		{B89C928E-0FFC-44A9-AF7B-C988AD19BB5B}.Release|Any CPU.Build.0 = Release|Any CPU
		{698F8939-5310-41E2-B1F0-9B97D108F476}.Debug|Any CPU.ActiveCfg = Debug|Any CPU
		{698F8939-5310-41E2-B1F0-9B97D108F476}.Debug|Any CPU.Build.0 = Debug|Any CPU
		{698F8939-5310-41E2-B1F0-9B97D108F476}.Release|Any CPU.ActiveCfg = Release|Any CPU
		{698F8939-5310-41E2-B1F0-9B97D108F476}.Release|Any CPU.Build.0 = Release|Any CPU
		{E83991C4-2439-4575-8DA3-C366D869AE9E}.Debug|Any CPU.ActiveCfg = Debug|Any CPU
		{E83991C4-2439-4575-8DA3-C366D869AE9E}.Debug|Any CPU.Build.0 = Debug|Any CPU
		{E83991C4-2439-4575-8DA3-C366D869AE9E}.Release|Any CPU.ActiveCfg = Release|Any CPU
		{E83991C4-2439-4575-8DA3-C366D869AE9E}.Release|Any CPU.Build.0 = Release|Any CPU
		{69C23E01-0199-4ECB-941E-8BB0FD4F0684}.Debug|Any CPU.ActiveCfg = Debug|Any CPU
		{69C23E01-0199-4ECB-941E-8BB0FD4F0684}.Debug|Any CPU.Build.0 = Debug|Any CPU
		{69C23E01-0199-4ECB-941E-8BB0FD4F0684}.Release|Any CPU.ActiveCfg = Release|Any CPU
		{69C23E01-0199-4ECB-941E-8BB0FD4F0684}.Release|Any CPU.Build.0 = Release|Any CPU
		{E93726E3-4611-492A-B194-55F15B70C9C4}.Debug|Any CPU.ActiveCfg = Debug|Any CPU
		{E93726E3-4611-492A-B194-55F15B70C9C4}.Debug|Any CPU.Build.0 = Debug|Any CPU
		{E93726E3-4611-492A-B194-55F15B70C9C4}.Release|Any CPU.ActiveCfg = Release|Any CPU
		{E93726E3-4611-492A-B194-55F15B70C9C4}.Release|Any CPU.Build.0 = Release|Any CPU
	EndGlobalSection
	GlobalSection(SolutionProperties) = preSolution
		HideSolutionNode = FALSE
	EndGlobalSection
	GlobalSection(ExtensibilityGlobals) = postSolution
		SolutionGuid = {5002E384-6114-4AC1-8BC7-3A0CC7628488}
	EndGlobalSection
EndGlobal
